
Microsoft Visual Studio Solution File, Format Version 12.00
# Visual Studio Version 17
VisualStudioVersion = 17.9.34607.119
MinimumVisualStudioVersion = 10.0.40219.1
Project("{2150E333-8FDC-42A3-9474-1A3956D46DE8}") = "Services", "Services", "{E4DAC5E2-CC63-40D5-B1E7-5212B599E244}"
EndProject
Project("{2150E333-8FDC-42A3-9474-1A3956D46DE8}") = "Catalog", "Catalog", "{CB547759-0FA2-4408-BD6E-79EBC5777DF3}"
EndProject
Project("{FAE04EC0-301F-11D3-BF4B-00C04F79EFBC}") = "ECommerce.Catalog", "Services\Catalog\ECommerce.Catalog\ECommerce.Catalog.csproj", "{9F5D2A9F-DD0A-4AFF-B75D-FB063A14B853}"
EndProject
Global
	GlobalSection(SolutionConfigurationPlatforms) = preSolution
		Debug|Any CPU = Debug|Any CPU
		Release|Any CPU = Release|Any CPU
	EndGlobalSection
	GlobalSection(ProjectConfigurationPlatforms) = postSolution
		{9F5D2A9F-DD0A-4AFF-B75D-FB063A14B853}.Debug|Any CPU.ActiveCfg = Debug|Any CPU
		{9F5D2A9F-DD0A-4AFF-B75D-FB063A14B853}.Debug|Any CPU.Build.0 = Debug|Any CPU
		{9F5D2A9F-DD0A-4AFF-B75D-FB063A14B853}.Release|Any CPU.ActiveCfg = Release|Any CPU
		{9F5D2A9F-DD0A-4AFF-B75D-FB063A14B853}.Release|Any CPU.Build.0 = Release|Any CPU
	EndGlobalSection
	GlobalSection(SolutionProperties) = preSolution
		HideSolutionNode = FALSE
	EndGlobalSection
	GlobalSection(NestedProjects) = preSolution
		{CB547759-0FA2-4408-BD6E-79EBC5777DF3} = {E4DAC5E2-CC63-40D5-B1E7-5212B599E244}
		{9F5D2A9F-DD0A-4AFF-B75D-FB063A14B853} = {CB547759-0FA2-4408-BD6E-79EBC5777DF3}
	EndGlobalSection
	GlobalSection(ExtensibilityGlobals) = postSolution
		SolutionGuid = {34C77EEA-D746-4236-A603-28FCE6EE6610}
	EndGlobalSection
EndGlobal
