
Microsoft Visual Studio Solution File, Format Version 12.00
# Visual Studio Version 17
VisualStudioVersion = 17.9.34607.119
MinimumVisualStudioVersion = 10.0.40219.1
Project("{2150E333-8FDC-42A3-9474-1A3956D46DE8}") = "Services", "Services", "{E4DAC5E2-CC63-40D5-B1E7-5212B599E244}"
EndProject
Project("{2150E333-8FDC-42A3-9474-1A3956D46DE8}") = "Catalog", "Catalog", "{CB547759-0FA2-4408-BD6E-79EBC5777DF3}"
EndProject
Project("{9A19103F-16F7-4668-BE54-9A1E7A4F7556}") = "ECommerce.Catalog", "Services\Catalog\ECommerce.Catalog\ECommerce.Catalog.csproj", "{9F5D2A9F-DD0A-4AFF-B75D-FB063A14B853}"
EndProject
Project("{2150E333-8FDC-42A3-9474-1A3956D46DE8}") = "Discount", "Discount", "{12FCAA51-5B07-44D9-BAD8-884A264CE61D}"
EndProject
Project("{9A19103F-16F7-4668-BE54-9A1E7A4F7556}") = "ECommerce.Discount", "Services\Discount\ECommerce.Discount\ECommerce.Discount.csproj", "{ACA8B7C5-946D-4281-AFD3-0FECA9004A8D}"
EndProject
Project("{2150E333-8FDC-42A3-9474-1A3956D46DE8}") = "Order", "Order", "{BAEA2ADE-614B-45E5-A05F-38BC690CAA1D}"
EndProject
Project("{2150E333-8FDC-42A3-9474-1A3956D46DE8}") = "Core", "Core", "{88C70A04-8BD3-4431-BFFB-C4F05D39F58B}"
EndProject
Project("{2150E333-8FDC-42A3-9474-1A3956D46DE8}") = "Infrastructure", "Infrastructure", "{2014655C-896D-441D-9277-E2960FCBCD94}"
EndProject
Project("{2150E333-8FDC-42A3-9474-1A3956D46DE8}") = "Presentation", "Presentation", "{D1C7F81E-AC2D-4DAA-93BC-AA94BFFC46B1}"
EndProject
Project("{FAE04EC0-301F-11D3-BF4B-00C04F79EFBC}") = "ECommerce.Order.Domain", "Services\Order\Core\ECommerce.Order.Domain\ECommerce.Order.Domain.csproj", "{A498B99B-F2D1-4634-B2DF-BD9F489B5B17}"
EndProject
Project("{FAE04EC0-301F-11D3-BF4B-00C04F79EFBC}") = "ECommerce.Order.Application", "Services\Order\Core\ECommerce.Order.Application\ECommerce.Order.Application.csproj", "{09D59214-398F-4007-B5C5-772AB15E07F1}"
EndProject
Project("{FAE04EC0-301F-11D3-BF4B-00C04F79EFBC}") = "ECommerce.Order.Persistence", "Services\Order\Infrastructure\ECommerce.Order.Persistence\ECommerce.Order.Persistence.csproj", "{BFCE7379-DFF2-48D5-88C4-FC418D9D23F7}"
EndProject
Project("{FAE04EC0-301F-11D3-BF4B-00C04F79EFBC}") = "ECommerce.Order.WebApi", "Services\Order\Presentation\ECommerce.Order.WebApi\ECommerce.Order.WebApi.csproj", "{C108ECCC-229F-4BD1-81F0-D9855647C4FF}"
EndProject
Global
	GlobalSection(SolutionConfigurationPlatforms) = preSolution
		Debug|Any CPU = Debug|Any CPU
		Release|Any CPU = Release|Any CPU
	EndGlobalSection
	GlobalSection(ProjectConfigurationPlatforms) = postSolution
		{9F5D2A9F-DD0A-4AFF-B75D-FB063A14B853}.Debug|Any CPU.ActiveCfg = Debug|Any CPU
		{9F5D2A9F-DD0A-4AFF-B75D-FB063A14B853}.Debug|Any CPU.Build.0 = Debug|Any CPU
		{9F5D2A9F-DD0A-4AFF-B75D-FB063A14B853}.Release|Any CPU.ActiveCfg = Release|Any CPU
		{9F5D2A9F-DD0A-4AFF-B75D-FB063A14B853}.Release|Any CPU.Build.0 = Release|Any CPU
		{ACA8B7C5-946D-4281-AFD3-0FECA9004A8D}.Debug|Any CPU.ActiveCfg = Debug|Any CPU
		{ACA8B7C5-946D-4281-AFD3-0FECA9004A8D}.Debug|Any CPU.Build.0 = Debug|Any CPU
		{ACA8B7C5-946D-4281-AFD3-0FECA9004A8D}.Release|Any CPU.ActiveCfg = Release|Any CPU
		{ACA8B7C5-946D-4281-AFD3-0FECA9004A8D}.Release|Any CPU.Build.0 = Release|Any CPU
		{A498B99B-F2D1-4634-B2DF-BD9F489B5B17}.Debug|Any CPU.ActiveCfg = Debug|Any CPU
		{A498B99B-F2D1-4634-B2DF-BD9F489B5B17}.Debug|Any CPU.Build.0 = Debug|Any CPU
		{A498B99B-F2D1-4634-B2DF-BD9F489B5B17}.Release|Any CPU.ActiveCfg = Release|Any CPU
		{A498B99B-F2D1-4634-B2DF-BD9F489B5B17}.Release|Any CPU.Build.0 = Release|Any CPU
		{09D59214-398F-4007-B5C5-772AB15E07F1}.Debug|Any CPU.ActiveCfg = Debug|Any CPU
		{09D59214-398F-4007-B5C5-772AB15E07F1}.Debug|Any CPU.Build.0 = Debug|Any CPU
		{09D59214-398F-4007-B5C5-772AB15E07F1}.Release|Any CPU.ActiveCfg = Release|Any CPU
		{09D59214-398F-4007-B5C5-772AB15E07F1}.Release|Any CPU.Build.0 = Release|Any CPU
		{BFCE7379-DFF2-48D5-88C4-FC418D9D23F7}.Debug|Any CPU.ActiveCfg = Debug|Any CPU
		{BFCE7379-DFF2-48D5-88C4-FC418D9D23F7}.Debug|Any CPU.Build.0 = Debug|Any CPU
		{BFCE7379-DFF2-48D5-88C4-FC418D9D23F7}.Release|Any CPU.ActiveCfg = Release|Any CPU
		{BFCE7379-DFF2-48D5-88C4-FC418D9D23F7}.Release|Any CPU.Build.0 = Release|Any CPU
		{C108ECCC-229F-4BD1-81F0-D9855647C4FF}.Debug|Any CPU.ActiveCfg = Debug|Any CPU
		{C108ECCC-229F-4BD1-81F0-D9855647C4FF}.Debug|Any CPU.Build.0 = Debug|Any CPU
		{C108ECCC-229F-4BD1-81F0-D9855647C4FF}.Release|Any CPU.ActiveCfg = Release|Any CPU
		{C108ECCC-229F-4BD1-81F0-D9855647C4FF}.Release|Any CPU.Build.0 = Release|Any CPU
	EndGlobalSection
	GlobalSection(SolutionProperties) = preSolution
		HideSolutionNode = FALSE
	EndGlobalSection
	GlobalSection(NestedProjects) = preSolution
		{CB547759-0FA2-4408-BD6E-79EBC5777DF3} = {E4DAC5E2-CC63-40D5-B1E7-5212B599E244}
		{9F5D2A9F-DD0A-4AFF-B75D-FB063A14B853} = {CB547759-0FA2-4408-BD6E-79EBC5777DF3}
		{12FCAA51-5B07-44D9-BAD8-884A264CE61D} = {E4DAC5E2-CC63-40D5-B1E7-5212B599E244}
		{ACA8B7C5-946D-4281-AFD3-0FECA9004A8D} = {12FCAA51-5B07-44D9-BAD8-884A264CE61D}
		{BAEA2ADE-614B-45E5-A05F-38BC690CAA1D} = {E4DAC5E2-CC63-40D5-B1E7-5212B599E244}
		{88C70A04-8BD3-4431-BFFB-C4F05D39F58B} = {BAEA2ADE-614B-45E5-A05F-38BC690CAA1D}
		{2014655C-896D-441D-9277-E2960FCBCD94} = {BAEA2ADE-614B-45E5-A05F-38BC690CAA1D}
		{D1C7F81E-AC2D-4DAA-93BC-AA94BFFC46B1} = {BAEA2ADE-614B-45E5-A05F-38BC690CAA1D}
		{A498B99B-F2D1-4634-B2DF-BD9F489B5B17} = {88C70A04-8BD3-4431-BFFB-C4F05D39F58B}
		{09D59214-398F-4007-B5C5-772AB15E07F1} = {88C70A04-8BD3-4431-BFFB-C4F05D39F58B}
		{BFCE7379-DFF2-48D5-88C4-FC418D9D23F7} = {2014655C-896D-441D-9277-E2960FCBCD94}
		{C108ECCC-229F-4BD1-81F0-D9855647C4FF} = {D1C7F81E-AC2D-4DAA-93BC-AA94BFFC46B1}
	EndGlobalSection
	GlobalSection(ExtensibilityGlobals) = postSolution
		SolutionGuid = {34C77EEA-D746-4236-A603-28FCE6EE6610}
	EndGlobalSection
EndGlobal
